{
  "name": "v8v-example-web",
  "version": "1.0.0",
  "lockfileVersion": 3,
  "requires": true,
  "packages": {
    "": {
      "name": "v8v-example-web",
      "version": "1.0.0",
      "dependencies": {
        "v8v-core": "0.3.0"
      }
    },
    "node_modules/v8v-core": {
      "version": "0.3.0",
      "resolved": "https://registry.npmjs.org/v8v-core/-/v8v-core-0.3.0.tgz",
      "integrity": "sha512-tburiOtlP31NSbcmw8ihvfdGiQMWw1jmub5coCZll7uD2OZTuVtE8R32RpcohXkiTuDFisqyk3f+ikpqsBiA6A==",
      "license": "Apache-2.0"
    }
  }
}
